
Microsoft Visual Studio Solution File, Format Version 12.00
# Visual Studio Version 17
VisualStudioVersion = 17.14.37012.4 d17.14
MinimumVisualStudioVersion = 10.0.40219.1
Project("{FAE04EC0-301F-11D3-BF4B-00C04F79EFBC}") = "Tarea04", "Tarea04\Tarea04.csproj", "{DCB65C3C-C8E0-4D2C-8599-BD17ACBD4B70}"
EndProject
Global
	GlobalSection(SolutionConfigurationPlatforms) = preSolution
		Debug|Any CPU = Debug|Any CPU
		Release|Any CPU = Release|Any CPU
	EndGlobalSection
	GlobalSection(ProjectConfigurationPlatforms) = postSolution
		{DCB65C3C-C8E0-4D2C-8599-BD17ACBD4B70}.Debug|Any CPU.ActiveCfg = Debug|Any CPU
		{DCB65C3C-C8E0-4D2C-8599-BD17ACBD4B70}.Debug|Any CPU.Build.0 = Debug|Any CPU
		{DCB65C3C-C8E0-4D2C-8599-BD17ACBD4B70}.Release|Any CPU.ActiveCfg = Release|Any CPU
		{DCB65C3C-C8E0-4D2C-8599-BD17ACBD4B70}.Release|Any CPU.Build.0 = Release|Any CPU
	EndGlobalSection
	GlobalSection(SolutionProperties) = preSolution
		HideSolutionNode = FALSE
	EndGlobalSection
	GlobalSection(ExtensibilityGlobals) = postSolution
		SolutionGuid = {4A218917-EF0D-4F93-B393-77AF0B28749C}
	EndGlobalSection
EndGlobal
